
Microsoft Visual Studio Solution File, Format Version 12.00
# Visual Studio Version 16
VisualStudioVersion = 16.0.30413.136
MinimumVisualStudioVersion = 10.0.40219.1
Project("{FAE04EC0-301F-11D3-BF4B-00C04F79EFBC}") = "SelectionStatementSwitchCase", "SelectionStatementSwitchCase\SelectionStatementSwitchCase.csproj", "{DB9B5ACC-EF57-4CF3-A205-7AD67CB6E9BE}"
EndProject
Global
	GlobalSection(SolutionConfigurationPlatforms) = preSolution
		Debug|Any CPU = Debug|Any CPU
		Release|Any CPU = Release|Any CPU
	EndGlobalSection
	GlobalSection(ProjectConfigurationPlatforms) = postSolution
		{DB9B5ACC-EF57-4CF3-A205-7AD67CB6E9BE}.Debug|Any CPU.ActiveCfg = Debug|Any CPU
		{DB9B5ACC-EF57-4CF3-A205-7AD67CB6E9BE}.Debug|Any CPU.Build.0 = Debug|Any CPU
		{DB9B5ACC-EF57-4CF3-A205-7AD67CB6E9BE}.Release|Any CPU.ActiveCfg = Release|Any CPU
		{DB9B5ACC-EF57-4CF3-A205-7AD67CB6E9BE}.Release|Any CPU.Build.0 = Release|Any CPU
	EndGlobalSection
	GlobalSection(SolutionProperties) = preSolution
		HideSolutionNode = FALSE
	EndGlobalSection
	GlobalSection(ExtensibilityGlobals) = postSolution
		SolutionGuid = {1C3BA5AA-FA1E-4794-A6A3-DD4F3783C7BA}
	EndGlobalSection
EndGlobal
